
Microsoft Visual Studio Solution File, Format Version 12.00
Project("{FAE04EC0-301F-11D3-BF4B-00C04F79EFBC}") = "LVLGuide", "LVLGuide\LVLGuide.csproj", "{5D1E9957-3275-4E0D-BAC1-361E85C39DF7}"
EndProject
Project("{FAE04EC0-301F-11D3-BF4B-00C04F79EFBC}") = "Tests", "Tests\Tests.csproj", "{0BD1D6FB-C6AC-4DD6-9935-6BC8351D8728}"
EndProject
Global
	GlobalSection(SolutionConfigurationPlatforms) = preSolution
		Debug|Any CPU = Debug|Any CPU
		Release|Any CPU = Release|Any CPU
	EndGlobalSection
	GlobalSection(ProjectConfigurationPlatforms) = postSolution
		{5D1E9957-3275-4E0D-BAC1-361E85C39DF7}.Debug|Any CPU.ActiveCfg = Debug|Any CPU
		{5D1E9957-3275-4E0D-BAC1-361E85C39DF7}.Debug|Any CPU.Build.0 = Debug|Any CPU
		{5D1E9957-3275-4E0D-BAC1-361E85C39DF7}.Release|Any CPU.ActiveCfg = Release|Any CPU
		{5D1E9957-3275-4E0D-BAC1-361E85C39DF7}.Release|Any CPU.Build.0 = Release|Any CPU
		{0BD1D6FB-C6AC-4DD6-9935-6BC8351D8728}.Debug|Any CPU.ActiveCfg = Debug|Any CPU
		{0BD1D6FB-C6AC-4DD6-9935-6BC8351D8728}.Debug|Any CPU.Build.0 = Debug|Any CPU
		{0BD1D6FB-C6AC-4DD6-9935-6BC8351D8728}.Release|Any CPU.ActiveCfg = Release|Any CPU
		{0BD1D6FB-C6AC-4DD6-9935-6BC8351D8728}.Release|Any CPU.Build.0 = Release|Any CPU
	EndGlobalSection
EndGlobal
